
Microsoft Visual Studio Solution File, Format Version 12.00
# Visual Studio Version 17
VisualStudioVersion = 17.4.33205.214
MinimumVisualStudioVersion = 10.0.40219.1
Project("{2150E333-8FDC-42A3-9474-1A3956D46DE8}") = "Apresentation", "Apresentation", "{51602ACE-1BB5-48A0-B831-E72308ECEA02}"
EndProject
Project("{2150E333-8FDC-42A3-9474-1A3956D46DE8}") = "Domain", "Domain", "{93762CD8-0AAF-4229-BE6C-442F1AF8C137}"
EndProject
Project("{2150E333-8FDC-42A3-9474-1A3956D46DE8}") = "Infra", "Infra", "{8E15C275-4C19-48F2-B98D-2EE63125D4A9}"
EndProject
Project("{9A19103F-16F7-4668-BE54-9A1E7A4F7556}") = "Mais.Api", "Mais.Api\Mais.Api.csproj", "{7EA24DE0-F79D-4A6A-8186-5B16743C6674}"
EndProject
Project("{9A19103F-16F7-4668-BE54-9A1E7A4F7556}") = "Mais.Service", "Mais.Servico\Mais.Service.csproj", "{5C267C3E-B218-4790-AC1E-8291C2C3A191}"
EndProject
Project("{9A19103F-16F7-4668-BE54-9A1E7A4F7556}") = "Mais.Core", "Mais.Core\Mais.Core.csproj", "{90CD87E4-4BB5-48BC-AE4D-D4B4144C92F0}"
EndProject
Project("{9A19103F-16F7-4668-BE54-9A1E7A4F7556}") = "Mais.Data", "Mais.Data\Mais.Data.csproj", "{381CA517-1F65-42B5-BF59-60D31CD208CA}"
EndProject
Project("{9A19103F-16F7-4668-BE54-9A1E7A4F7556}") = "Mais.DependencyInjection", "Mais.DependencyInjection\Mais.DependencyInjection.csproj", "{F545D5F3-C1C0-4F32-8086-DD159E95EF06}"
EndProject
Project("{9A19103F-16F7-4668-BE54-9A1E7A4F7556}") = "Mais.Web", "Mais.Web\Mais.Web.csproj", "{AAA44667-59AC-40E6-B46F-7C8BE085DF42}"
EndProject
Project("{9A19103F-16F7-4668-BE54-9A1E7A4F7556}") = "Mais.Domain", "Mais.Domain\Mais.Domain.csproj", "{25069BDD-214F-4F66-AB1C-836F7AC62DF2}"
EndProject
Global
	GlobalSection(SolutionConfigurationPlatforms) = preSolution
		Debug|Any CPU = Debug|Any CPU
		Release|Any CPU = Release|Any CPU
	EndGlobalSection
	GlobalSection(ProjectConfigurationPlatforms) = postSolution
		{7EA24DE0-F79D-4A6A-8186-5B16743C6674}.Debug|Any CPU.ActiveCfg = Debug|Any CPU
		{7EA24DE0-F79D-4A6A-8186-5B16743C6674}.Debug|Any CPU.Build.0 = Debug|Any CPU
		{7EA24DE0-F79D-4A6A-8186-5B16743C6674}.Release|Any CPU.ActiveCfg = Release|Any CPU
		{7EA24DE0-F79D-4A6A-8186-5B16743C6674}.Release|Any CPU.Build.0 = Release|Any CPU
		{5C267C3E-B218-4790-AC1E-8291C2C3A191}.Debug|Any CPU.ActiveCfg = Debug|Any CPU
		{5C267C3E-B218-4790-AC1E-8291C2C3A191}.Debug|Any CPU.Build.0 = Debug|Any CPU
		{5C267C3E-B218-4790-AC1E-8291C2C3A191}.Release|Any CPU.ActiveCfg = Release|Any CPU
		{5C267C3E-B218-4790-AC1E-8291C2C3A191}.Release|Any CPU.Build.0 = Release|Any CPU
		{90CD87E4-4BB5-48BC-AE4D-D4B4144C92F0}.Debug|Any CPU.ActiveCfg = Debug|Any CPU
		{90CD87E4-4BB5-48BC-AE4D-D4B4144C92F0}.Debug|Any CPU.Build.0 = Debug|Any CPU
		{90CD87E4-4BB5-48BC-AE4D-D4B4144C92F0}.Release|Any CPU.ActiveCfg = Release|Any CPU
		{90CD87E4-4BB5-48BC-AE4D-D4B4144C92F0}.Release|Any CPU.Build.0 = Release|Any CPU
		{381CA517-1F65-42B5-BF59-60D31CD208CA}.Debug|Any CPU.ActiveCfg = Debug|Any CPU
		{381CA517-1F65-42B5-BF59-60D31CD208CA}.Debug|Any CPU.Build.0 = Debug|Any CPU
		{381CA517-1F65-42B5-BF59-60D31CD208CA}.Release|Any CPU.ActiveCfg = Release|Any CPU
		{381CA517-1F65-42B5-BF59-60D31CD208CA}.Release|Any CPU.Build.0 = Release|Any CPU
		{F545D5F3-C1C0-4F32-8086-DD159E95EF06}.Debug|Any CPU.ActiveCfg = Debug|Any CPU
		{F545D5F3-C1C0-4F32-8086-DD159E95EF06}.Debug|Any CPU.Build.0 = Debug|Any CPU
		{F545D5F3-C1C0-4F32-8086-DD159E95EF06}.Release|Any CPU.ActiveCfg = Release|Any CPU
		{F545D5F3-C1C0-4F32-8086-DD159E95EF06}.Release|Any CPU.Build.0 = Release|Any CPU
		{AAA44667-59AC-40E6-B46F-7C8BE085DF42}.Debug|Any CPU.ActiveCfg = Debug|Any CPU
		{AAA44667-59AC-40E6-B46F-7C8BE085DF42}.Debug|Any CPU.Build.0 = Debug|Any CPU
		{AAA44667-59AC-40E6-B46F-7C8BE085DF42}.Release|Any CPU.ActiveCfg = Release|Any CPU
		{AAA44667-59AC-40E6-B46F-7C8BE085DF42}.Release|Any CPU.Build.0 = Release|Any CPU
		{25069BDD-214F-4F66-AB1C-836F7AC62DF2}.Debug|Any CPU.ActiveCfg = Debug|Any CPU
		{25069BDD-214F-4F66-AB1C-836F7AC62DF2}.Debug|Any CPU.Build.0 = Debug|Any CPU
		{25069BDD-214F-4F66-AB1C-836F7AC62DF2}.Release|Any CPU.ActiveCfg = Release|Any CPU
		{25069BDD-214F-4F66-AB1C-836F7AC62DF2}.Release|Any CPU.Build.0 = Release|Any CPU
	EndGlobalSection
	GlobalSection(SolutionProperties) = preSolution
		HideSolutionNode = FALSE
	EndGlobalSection
	GlobalSection(NestedProjects) = preSolution
		{7EA24DE0-F79D-4A6A-8186-5B16743C6674} = {51602ACE-1BB5-48A0-B831-E72308ECEA02}
		{5C267C3E-B218-4790-AC1E-8291C2C3A191} = {51602ACE-1BB5-48A0-B831-E72308ECEA02}
		{90CD87E4-4BB5-48BC-AE4D-D4B4144C92F0} = {93762CD8-0AAF-4229-BE6C-442F1AF8C137}
		{381CA517-1F65-42B5-BF59-60D31CD208CA} = {8E15C275-4C19-48F2-B98D-2EE63125D4A9}
		{F545D5F3-C1C0-4F32-8086-DD159E95EF06} = {8E15C275-4C19-48F2-B98D-2EE63125D4A9}
		{AAA44667-59AC-40E6-B46F-7C8BE085DF42} = {51602ACE-1BB5-48A0-B831-E72308ECEA02}
		{25069BDD-214F-4F66-AB1C-836F7AC62DF2} = {93762CD8-0AAF-4229-BE6C-442F1AF8C137}
	EndGlobalSection
	GlobalSection(ExtensibilityGlobals) = postSolution
		SolutionGuid = {E9761099-6A34-4016-A681-E7E38124A96C}
	EndGlobalSection
EndGlobal
